// !$*UTF8*$!
{
	archiveVersion = 1;
	classes = {
	};
	objectVersion = 77;
	objects = {

/* Begin PBXContainerItemProxy section */
		C6E7ED142D083C3A00E9786A /* PBXContainerItemProxy */ = {
			isa = PBXContainerItemProxy;
			containerPortal = C6E7ECFB2D083C3900E9786A /* Project object */;
			proxyType = 1;
			remoteGlobalIDString = C6E7ED022D083C3900E9786A;
			remoteInfo = SoundBound;
		};
		C6E7ED1E2D083C3A00E9786A /* PBXContainerItemProxy */ = {
			isa = PBXContainerItemProxy;
			containerPortal = C6E7ECFB2D083C3900E9786A /* Project object */;
			proxyType = 1;
			remoteGlobalIDString = C6E7ED022D083C3900E9786A;
			remoteInfo = SoundBound;
		};
/* End PBXContainerItemProxy section */

/* Begin PBXFileReference section */
		C6E7ED032D083C3900E9786A /* SoundBound.app */ = {isa = PBXFileReference; explicitFileType = wrapper.application; includeInIndex = 0; path = SoundBound.app; sourceTree = BUILT_PRODUCTS_DIR; };
		C6E7ED132D083C3A00E9786A /* SoundBoundTests.xctest */ = {isa = PBXFileReference; explicitFileType = wrapper.cfbundle; includeInIndex = 0; path = SoundBoundTests.xctest; sourceTree = BUILT_PRODUCTS_DIR; };
		C6E7ED1D2D083C3A00E9786A /* SoundBoundUITests.xctest */ = {isa = PBXFileReference; explicitFileType = wrapper.cfbundle; includeInIndex = 0; path = SoundBoundUITests.xctest; sourceTree = BUILT_PRODUCTS_DIR; };
/* End PBXFileReference section */

/* Begin PBXFileSystemSynchronizedBuildFileExceptionSet section */
		C61829F12D0B477D00D972EC /* Exceptions for "SoundBound" folder in "SoundBound" target */ = {
			isa = PBXFileSystemSynchronizedBuildFileExceptionSet;
			membershipExceptions = (
				Info.plist,
			);
			target = C6E7ED022D083C3900E9786A /* SoundBound */;
		};
/* End PBXFileSystemSynchronizedBuildFileExceptionSet section */

/* Begin PBXFileSystemSynchronizedRootGroup section */
		C6E7ED052D083C3900E9786A /* SoundBound */ = {
			isa = PBXFileSystemSynchronizedRootGroup;
			exceptions = (
				C61829F12D0B477D00D972EC /* Exceptions for "SoundBound" folder in "SoundBound" target */,
			);
			path = SoundBound;
			sourceTree = "<group>";
		};
		C6E7ED162D083C3A00E9786A /* SoundBoundTests */ = {
			isa = PBXFileSystemSynchronizedRootGroup;
			path = SoundBoundTests;
			sourceTree = "<group>";
		};
		C6E7ED202D083C3A00E9786A /* SoundBoundUITests */ = {
			isa = PBXFileSystemSynchronizedRootGroup;
			path = SoundBoundUITests;
			sourceTree = "<group>";
		};
/* End PBXFileSystemSynchronizedRootGroup section */

/* Begin PBXFrameworksBuildPhase section */
		C6E7ED002D083C3900E9786A /* Frameworks */ = {
			isa = PBXFrameworksBuildPhase;
			buildActionMask = 2147483647;
			files = (
			);
			runOnlyForDeploymentPostprocessing = 0;
		};
		C6E7ED102D083C3A00E9786A /* Frameworks */ = {
			isa = PBXFrameworksBuildPhase;
			buildActionMask = 2147483647;
			files = (
			);
			runOnlyForDeploymentPostprocessing = 0;
		};
		C6E7ED1A2D083C3A00E9786A /* Frameworks */ = {
			isa = PBXFrameworksBuildPhase;
			buildActionMask = 2147483647;
			files = (
			);
			runOnlyForDeploymentPostprocessing = 0;
		};
/* End PBXFrameworksBuildPhase section */

/* Begin PBXGroup section */
		C6E7ECFA2D083C3900E9786A = {
			isa = PBXGroup;
			children = (
				C6E7ED052D083C3900E9786A /* SoundBound */,
				C6E7ED162D083C3A00E9786A /* SoundBoundTests */,
				C6E7ED202D083C3A00E9786A /* SoundBoundUITests */,
				C6E7ED042D083C3900E9786A /* Products */,
			);
			sourceTree = "<group>";
		};
		C6E7ED042D083C3900E9786A /* Products */ = {
			isa = PBXGroup;
			children = (
				C6E7ED032D083C3900E9786A /* SoundBound.app */,
				C6E7ED132D083C3A00E9786A /* SoundBoundTests.xctest */,
				C6E7ED1D2D083C3A00E9786A /* SoundBoundUITests.xctest */,
			);
			name = Products;
			sourceTree = "<group>";
		};
/* End PBXGroup section */

/* Begin PBXNativeTarget section */
		C6E7ED022D083C3900E9786A /* SoundBound */ = {
			isa = PBXNativeTarget;
			buildConfigurationList = C6E7ED272D083C3A00E9786A /* Build configuration list for PBXNativeTarget "SoundBound" */;
			buildPhases = (
				C6E7ECFF2D083C3900E9786A /* Sources */,
				C6E7ED002D083C3900E9786A /* Frameworks */,
				C6E7ED012D083C3900E9786A /* Resources */,
			);
			buildRules = (
			);
			dependencies = (
			);
			fileSystemSynchronizedGroups = (
				C6E7ED052D083C3900E9786A /* SoundBound */,
			);
			name = SoundBound;
			packageProductDependencies = (
			);
			productName = SoundBound;
			productReference = C6E7ED032D083C3900E9786A /* SoundBound.app */;
			productType = "com.apple.product-type.application";
		};
		C6E7ED122D083C3A00E9786A /* SoundBoundTests */ = {
			isa = PBXNativeTarget;
			buildConfigurationList = C6E7ED2A2D083C3A00E9786A /* Build configuration list for PBXNativeTarget "SoundBoundTests" */;
			buildPhases = (
				C6E7ED0F2D083C3A00E9786A /* Sources */,
				C6E7ED102D083C3A00E9786A /* Frameworks */,
				C6E7ED112D083C3A00E9786A /* Resources */,
			);
			buildRules = (
			);
			dependencies = (
				C6E7ED152D083C3A00E9786A /* PBXTargetDependency */,
			);
			fileSystemSynchronizedGroups = (
				C6E7ED162D083C3A00E9786A /* SoundBoundTests */,
			);
			name = SoundBoundTests;
			packageProductDependencies = (
			);
			productName = SoundBoundTests;
			productReference = C6E7ED132D083C3A00E9786A /* SoundBoundTests.xctest */;
			productType = "com.apple.product-type.bundle.unit-test";
		};
		C6E7ED1C2D083C3A00E9786A /* SoundBoundUITests */ = {
			isa = PBXNativeTarget;
			buildConfigurationList = C6E7ED2D2D083C3A00E9786A /* Build configuration list for PBXNativeTarget "SoundBoundUITests" */;
			buildPhases = (
				C6E7ED192D083C3A00E9786A /* Sources */,
				C6E7ED1A2D083C3A00E9786A /* Frameworks */,
				C6E7ED1B2D083C3A00E9786A /* Resources */,
			);
			buildRules = (
			);
			dependencies = (
				C6E7ED1F2D083C3A00E9786A /* PBXTargetDependency */,
			);
			fileSystemSynchronizedGroups = (
				C6E7ED202D083C3A00E9786A /* SoundBoundUITests */,
			);
			name = SoundBoundUITests;
			packageProductDependencies = (
			);
			productName = SoundBoundUITests;
			productReference = C6E7ED1D2D083C3A00E9786A /* SoundBoundUITests.xctest */;
			productType = "com.apple.product-type.bundle.ui-testing";
		};
/* End PBXNativeTarget section */

/* Begin PBXProject section */
		C6E7ECFB2D083C3900E9786A /* Project object */ = {
			isa = PBXProject;
			attributes = {
				BuildIndependentTargetsInParallel = 1;
				LastSwiftUpdateCheck = 1610;
				LastUpgradeCheck = 1610;
				TargetAttributes = {
					C6E7ED022D083C3900E9786A = {
						CreatedOnToolsVersion = 16.1;
					};
					C6E7ED122D083C3A00E9786A = {
						CreatedOnToolsVersion = 16.1;
						TestTargetID = C6E7ED022D083C3900E9786A;
					};
					C6E7ED1C2D083C3A00E9786A = {
						CreatedOnToolsVersion = 16.1;
						TestTargetID = C6E7ED022D083C3900E9786A;
					};
				};
			};
			buildConfigurationList = C6E7ECFE2D083C3900E9786A /* Build configuration list for PBXProject "SoundBound" */;
			developmentRegion = en;
			hasScannedForEncodings = 0;
			knownRegions = (
				en,
				Base,
			);
			mainGroup = C6E7ECFA2D083C3900E9786A;
			minimizedProjectReferenceProxies = 1;
			preferredProjectObjectVersion = 77;
			productRefGroup = C6E7ED042D083C3900E9786A /* Products */;
			projectDirPath = "";
			projectRoot = "";
			targets = (
				C6E7ED022D083C3900E9786A /* SoundBound */,
				C6E7ED122D083C3A00E9786A /* SoundBoundTests */,
				C6E7ED1C2D083C3A00E9786A /* SoundBoundUITests */,
			);
		};
/* End PBXProject section */

/* Begin PBXResourcesBuildPhase section */
		C6E7ED012D083C3900E9786A /* Resources */ = {
			isa = PBXResourcesBuildPhase;
			buildActionMask = 2147483647;
			files = (
			);
			runOnlyForDeploymentPostprocessing = 0;
		};
		C6E7ED112D083C3A00E9786A /* Resources */ = {
			isa = PBXResourcesBuildPhase;
			buildActionMask = 2147483647;
			files = (
			);
			runOnlyForDeploymentPostprocessing = 0;
		};
		C6E7ED1B2D083C3A00E9786A /* Resources */ = {
			isa = PBXResourcesBuildPhase;
			buildActionMask = 2147483647;
			files = (
			);
			runOnlyForDeploymentPostprocessing = 0;
		};
/* End PBXResourcesBuildPhase section */

/* Begin PBXSourcesBuildPhase section */
		C6E7ECFF2D083C3900E9786A /* Sources */ = {
			isa = PBXSourcesBuildPhase;
			buildActionMask = 2147483647;
			files = (
			);
			runOnlyForDeploymentPostprocessing = 0;
		};
		C6E7ED0F2D083C3A00E9786A /* Sources */ = {
			isa = PBXSourcesBuildPhase;
			buildActionMask = 2147483647;
			files = (
			);
			runOnlyForDeploymentPostprocessing = 0;
		};
		C6E7ED192D083C3A00E9786A /* Sources */ = {
			isa = PBXSourcesBuildPhase;
			buildActionMask = 2147483647;
			files = (
			);
			runOnlyForDeploymentPostprocessing = 0;
		};
/* End PBXSourcesBuildPhase section */

/* Begin PBXTargetDependency section */
		C6E7ED152D083C3A00E9786A /* PBXTargetDependency */ = {
			isa = PBXTargetDependency;
			target = C6E7ED022D083C3900E9786A /* SoundBound */;
			targetProxy = C6E7ED142D083C3A00E9786A /* PBXContainerItemProxy */;
		};
		C6E7ED1F2D083C3A00E9786A /* PBXTargetDependency */ = {
			isa = PBXTargetDependency;
			target = C6E7ED022D083C3900E9786A /* SoundBound */;
			targetProxy = C6E7ED1E2D083C3A00E9786A /* PBXContainerItemProxy */;
		};
/* End PBXTargetDependency section */

/* Begin XCBuildConfiguration section */
		C6E7ED252D083C3A00E9786A /* Debug */ = {
			isa = XCBuildConfiguration;
			buildSettings = {
				ALWAYS_SEARCH_USER_PATHS = NO;
				ASSETCATALOG_COMPILER_GENERATE_SWIFT_ASSET_SYMBOL_EXTENSIONS = YES;
				CLANG_ANALYZER_NONNULL = YES;
				CLANG_ANALYZER_NUMBER_OBJECT_CONVERSION = YES_AGGRESSIVE;
				CLANG_CXX_LANGUAGE_STANDARD = "gnu++20";
				CLANG_ENABLE_MODULES = YES;
				CLANG_ENABLE_OBJC_ARC = YES;
				CLANG_ENABLE_OBJC_WEAK = YES;
				CLANG_WARN_BLOCK_CAPTURE_AUTORELEASING = YES;
				CLANG_WARN_BOOL_CONVERSION = YES;
				CLANG_WARN_COMMA = YES;
				CLANG_WARN_CONSTANT_CONVERSION = YES;
				CLANG_WARN_DEPRECATED_OBJC_IMPLEMENTATIONS = YES;
				CLANG_WARN_DIRECT_OBJC_ISA_USAGE = YES_ERROR;
				CLANG_WARN_DOCUMENTATION_COMMENTS = YES;
				CLANG_WARN_EMPTY_BODY = YES;
				CLANG_WARN_ENUM_CONVERSION = YES;
				CLANG_WARN_INFINITE_RECURSION = YES;
				CLANG_WARN_INT_CONVERSION = YES;
				CLANG_WARN_NON_LITERAL_NULL_CONVERSION = YES;
				CLANG_WARN_OBJC_IMPLICIT_RETAIN_SELF = YES;
				CLANG_WARN_OBJC_LITERAL_CONVERSION = YES;
				CLANG_WARN_OBJC_ROOT_CLASS = YES_ERROR;
				CLANG_WARN_QUOTED_INCLUDE_IN_FRAMEWORK_HEADER = YES;
				CLANG_WARN_RANGE_LOOP_ANALYSIS = YES;
				CLANG_WARN_STRICT_PROTOTYPES = YES;
				CLANG_WARN_SUSPICIOUS_MOVE = YES;
				CLANG_WARN_UNGUARDED_AVAILABILITY = YES_AGGRESSIVE;
				CLANG_WARN_UNREACHABLE_CODE = YES;
				CLANG_WARN__DUPLICATE_METHOD_MATCH = YES;
				COPY_PHASE_STRIP = NO;
				DEBUG_INFORMATION_FORMAT = dwarf;
				ENABLE_STRICT_OBJC_MSGSEND = YES;
				ENABLE_TESTABILITY = YES;
				ENABLE_USER_SCRIPT_SANDBOXING = YES;
				GCC_C_LANGUAGE_STANDARD = gnu17;
				GCC_DYNAMIC_NO_PIC = NO;
				GCC_NO_COMMON_BLOCKS = YES;
				GCC_OPTIMIZATION_LEVEL = 0;
				GCC_PREPROCESSOR_DEFINITIONS = (
					"DEBUG=1",
					"$(inherited)",
				);
				GCC_WARN_64_TO_32_BIT_CONVERSION = YES;
				GCC_WARN_ABOUT_RETURN_TYPE = YES_ERROR;
				GCC_WARN_UNDECLARED_SELECTOR = YES;
				GCC_WARN_UNINITIALIZED_AUTOS = YES_AGGRESSIVE;
				GCC_WARN_UNUSED_FUNCTION = YES;
				GCC_WARN_UNUSED_VARIABLE = YES;
				IPHONEOS_DEPLOYMENT_TARGET = 18.1;
				LOCALIZATION_PREFERS_STRING_CATALOGS = YES;
				MTL_ENABLE_DEBUG_INFO = INCLUDE_SOURCE;
				MTL_FAST_MATH = YES;
				ONLY_ACTIVE_ARCH = YES;
				SDKROOT = iphoneos;
				SWIFT_ACTIVE_COMPILATION_CONDITIONS = "DEBUG $(inherited)";
				SWIFT_OPTIMIZATION_LEVEL = "-Onone";
			};
			name = Debug;
		};
		C6E7ED262D083C3A00E9786A /* Release */ = {
			isa = XCBuildConfiguration;
			buildSettings = {
				ALWAYS_SEARCH_USER_PATHS = NO;
				ASSETCATALOG_COMPILER_GENERATE_SWIFT_ASSET_SYMBOL_EXTENSIONS = YES;
				CLANG_ANALYZER_NONNULL = YES;
				CLANG_ANALYZER_NUMBER_OBJECT_CONVERSION = YES_AGGRESSIVE;
				CLANG_CXX_LANGUAGE_STANDARD = "gnu++20";
				CLANG_ENABLE_MODULES = YES;
				CLANG_ENABLE_OBJC_ARC = YES;
				CLANG_ENABLE_OBJC_WEAK = YES;
				CLANG_WARN_BLOCK_CAPTURE_AUTORELEASING = YES;
				CLANG_WARN_BOOL_CONVERSION = YES;
				CLANG_WARN_COMMA = YES;
				CLANG_WARN_CONSTANT_CONVERSION = YES;
				CLANG_WARN_DEPRECATED_OBJC_IMPLEMENTATIONS = YES;
				CLANG_WARN_DIRECT_OBJC_ISA_USAGE = YES_ERROR;
				CLANG_WARN_DOCUMENTATION_COMMENTS = YES;
				CLANG_WARN_EMPTY_BODY = YES;
				CLANG_WARN_ENUM_CONVERSION = YES;
				CLANG_WARN_INFINITE_RECURSION = YES;
				CLANG_WARN_INT_CONVERSION = YES;
				CLANG_WARN_NON_LITERAL_NULL_CONVERSION = YES;
				CLANG_WARN_OBJC_IMPLICIT_RETAIN_SELF = YES;
				CLANG_WARN_OBJC_LITERAL_CONVERSION = YES;
				CLANG_WARN_OBJC_ROOT_CLASS = YES_ERROR;
				CLANG_WARN_QUOTED_INCLUDE_IN_FRAMEWORK_HEADER = YES;
				CLANG_WARN_RANGE_LOOP_ANALYSIS = YES;
				CLANG_WARN_STRICT_PROTOTYPES = YES;
				CLANG_WARN_SUSPICIOUS_MOVE = YES;
				CLANG_WARN_UNGUARDED_AVAILABILITY = YES_AGGRESSIVE;
				CLANG_WARN_UNREACHABLE_CODE = YES;
				CLANG_WARN__DUPLICATE_METHOD_MATCH = YES;
				COPY_PHASE_STRIP = NO;
				DEBUG_INFORMATION_FORMAT = "dwarf-with-dsym";
				ENABLE_NS_ASSERTIONS = NO;
				ENABLE_STRICT_OBJC_MSGSEND = YES;
				ENABLE_USER_SCRIPT_SANDBOXING = YES;
				GCC_C_LANGUAGE_STANDARD = gnu17;
				GCC_NO_COMMON_BLOCKS = YES;
				GCC_WARN_64_TO_32_BIT_CONVERSION = YES;
				GCC_WARN_ABOUT_RETURN_TYPE = YES_ERROR;
				GCC_WARN_UNDECLARED_SELECTOR = YES;
				GCC_WARN_UNINITIALIZED_AUTOS = YES_AGGRESSIVE;
				GCC_WARN_UNUSED_FUNCTION = YES;
				GCC_WARN_UNUSED_VARIABLE = YES;
				IPHONEOS_DEPLOYMENT_TARGET = 18.1;
				LOCALIZATION_PREFERS_STRING_CATALOGS = YES;
				MTL_ENABLE_DEBUG_INFO = NO;
				MTL_FAST_MATH = YES;
				SDKROOT = iphoneos;
				SWIFT_COMPILATION_MODE = wholemodule;
				VALIDATE_PRODUCT = YES;
			};
			name = Release;
		};
		C6E7ED282D083C3A00E9786A /* Debug */ = {
			isa = XCBuildConfiguration;
			buildSettings = {
				ASSETCATALOG_COMPILER_APPICON_NAME = AppIcon;
				ASSETCATALOG_COMPILER_GLOBAL_ACCENT_COLOR_NAME = AccentColor;
				CODE_SIGN_STYLE = Automatic;
				CURRENT_PROJECT_VERSION = 1;
				DEVELOPMENT_ASSET_PATHS = "\"SoundBound/Preview Content\"";
				DEVELOPMENT_TEAM = F5MTVA5YY6;
				ENABLE_PREVIEWS = YES;
				GENERATE_INFOPLIST_FILE = YES;
				INFOPLIST_FILE = SoundBound/Info.plist;
				INFOPLIST_KEY_NSBluetoothAlwaysUsageDescription = "";
				INFOPLIST_KEY_NSBluetoothPeripheralUsageDescription = "";
				INFOPLIST_KEY_NSLocationWhenInUseUsageDescription = "";
				INFOPLIST_KEY_UIApplicationSceneManifest_Generation = YES;
				INFOPLIST_KEY_UIApplicationSupportsIndirectInputEvents = YES;
				INFOPLIST_KEY_UILaunchScreen_Generation = YES;
				INFOPLIST_KEY_UISupportedInterfaceOrientations_iPad = "UIInterfaceOrientationPortrait UIInterfaceOrientationPortraitUpsideDown UIInterfaceOrientationLandscapeLeft UIInterfaceOrientationLandscapeRight";
				INFOPLIST_KEY_UISupportedInterfaceOrientations_iPhone = "UIInterfaceOrientationPortrait UIInterfaceOrientationLandscapeLeft UIInterfaceOrientationLandscapeRight";
				LD_RUNPATH_SEARCH_PATHS = (
					"$(inherited)",
					"@executable_path/Frameworks",
				);
				MARKETING_VERSION = 1.0;
				PRODUCT_BUNDLE_IDENTIFIER = jimbook.SoundBound;
				PRODUCT_NAME = "$(TARGET_NAME)";
				SWIFT_EMIT_LOC_STRINGS = YES;
				SWIFT_VERSION = 5.0;
				TARGETED_DEVICE_FAMILY = "1,2";
			};
			name = Debug;
		};
		C6E7ED292D083C3A00E9786A /* Release */ = {
			isa = XCBuildConfiguration;
			buildSettings = {
				ASSETCATALOG_COMPILER_APPICON_NAME = AppIcon;
				ASSETCATALOG_COMPILER_GLOBAL_ACCENT_COLOR_NAME = AccentColor;
				CODE_SIGN_STYLE = Automatic;
				CURRENT_PROJECT_VERSION = 1;
				DEVELOPMENT_ASSET_PATHS = "\"SoundBound/Preview Content\"";
				DEVELOPMENT_TEAM = F5MTVA5YY6;
				ENABLE_PREVIEWS = YES;
				GENERATE_INFOPLIST_FILE = YES;
				INFOPLIST_FILE = SoundBound/Info.plist;
				INFOPLIST_KEY_NSBluetoothAlwaysUsageDescription = "";
				INFOPLIST_KEY_NSBluetoothPeripheralUsageDescription = "";
				INFOPLIST_KEY_NSLocationWhenInUseUsageDescription = "";
				INFOPLIST_KEY_UIApplicationSceneManifest_Generation = YES;
				INFOPLIST_KEY_UIApplicationSupportsIndirectInputEvents = YES;
				INFOPLIST_KEY_UILaunchScreen_Generation = YES;
				INFOPLIST_KEY_UISupportedInterfaceOrientations_iPad = "UIInterfaceOrientationPortrait UIInterfaceOrientationPortraitUpsideDown UIInterfaceOrientationLandscapeLeft UIInterfaceOrientationLandscapeRight";
				INFOPLIST_KEY_UISupportedInterfaceOrientations_iPhone = "UIInterfaceOrientationPortrait UIInterfaceOrientationLandscapeLeft UIInterfaceOrientationLandscapeRight";
				LD_RUNPATH_SEARCH_PATHS = (
					"$(inherited)",
					"@executable_path/Frameworks",
				);
				MARKETING_VERSION = 1.0;
				PRODUCT_BUNDLE_IDENTIFIER = jimbook.SoundBound;
				PRODUCT_NAME = "$(TARGET_NAME)";
				SWIFT_EMIT_LOC_STRINGS = YES;
				SWIFT_VERSION = 5.0;
				TARGETED_DEVICE_FAMILY = "1,2";
			};
			name = Release;
		};
		C6E7ED2B2D083C3A00E9786A /* Debug */ = {
			isa = XCBuildConfiguration;
			buildSettings = {
				BUNDLE_LOADER = "$(TEST_HOST)";
				CODE_SIGN_STYLE = Automatic;
				CURRENT_PROJECT_VERSION = 1;
				DEVELOPMENT_TEAM = F5MTVA5YY6;
				GENERATE_INFOPLIST_FILE = YES;
				IPHONEOS_DEPLOYMENT_TARGET = 18.1;
				MARKETING_VERSION = 1.0;
				PRODUCT_BUNDLE_IDENTIFIER = jimbook.SoundBoundTests;
				PRODUCT_NAME = "$(TARGET_NAME)";
				SWIFT_EMIT_LOC_STRINGS = NO;
				SWIFT_VERSION = 5.0;
				TARGETED_DEVICE_FAMILY = "1,2";
				TEST_HOST = "$(BUILT_PRODUCTS_DIR)/SoundBound.app/$(BUNDLE_EXECUTABLE_FOLDER_PATH)/SoundBound";
			};
			name = Debug;
		};
		C6E7ED2C2D083C3A00E9786A /* Release */ = {
			isa = XCBuildConfiguration;
			buildSettings = {
				BUNDLE_LOADER = "$(TEST_HOST)";
				CODE_SIGN_STYLE = Automatic;
				CURRENT_PROJECT_VERSION = 1;
				DEVELOPMENT_TEAM = F5MTVA5YY6;
				GENERATE_INFOPLIST_FILE = YES;
				IPHONEOS_DEPLOYMENT_TARGET = 18.1;
				MARKETING_VERSION = 1.0;
				PRODUCT_BUNDLE_IDENTIFIER = jimbook.SoundBoundTests;
				PRODUCT_NAME = "$(TARGET_NAME)";
				SWIFT_EMIT_LOC_STRINGS = NO;
				SWIFT_VERSION = 5.0;
				TARGETED_DEVICE_FAMILY = "1,2";
				TEST_HOST = "$(BUILT_PRODUCTS_DIR)/SoundBound.app/$(BUNDLE_EXECUTABLE_FOLDER_PATH)/SoundBound";
			};
			name = Release;
		};
		C6E7ED2E2D083C3A00E9786A /* Debug */ = {
			isa = XCBuildConfiguration;
			buildSettings = {
				CODE_SIGN_STYLE = Automatic;
				CURRENT_PROJECT_VERSION = 1;
				DEVELOPMENT_TEAM = F5MTVA5YY6;
				GENERATE_INFOPLIST_FILE = YES;
				MARKETING_VERSION = 1.0;
				PRODUCT_BUNDLE_IDENTIFIER = jimbook.SoundBoundUITests;
				PRODUCT_NAME = "$(TARGET_NAME)";
				SWIFT_EMIT_LOC_STRINGS = NO;
				SWIFT_VERSION = 5.0;
				TARGETED_DEVICE_FAMILY = "1,2";
				TEST_TARGET_NAME = SoundBound;
			};
			name = Debug;
		};
		C6E7ED2F2D083C3A00E9786A /* Release */ = {
			isa = XCBuildConfiguration;
			buildSettings = {
				CODE_SIGN_STYLE = Automatic;
				CURRENT_PROJECT_VERSION = 1;
				DEVELOPMENT_TEAM = F5MTVA5YY6;
				GENERATE_INFOPLIST_FILE = YES;
				MARKETING_VERSION = 1.0;
				PRODUCT_BUNDLE_IDENTIFIER = jimbook.SoundBoundUITests;
				PRODUCT_NAME = "$(TARGET_NAME)";
				SWIFT_EMIT_LOC_STRINGS = NO;
				SWIFT_VERSION = 5.0;
				TARGETED_DEVICE_FAMILY = "1,2";
				TEST_TARGET_NAME = SoundBound;
			};
			name = Release;
		};
/* End XCBuildConfiguration section */

/* Begin XCConfigurationList section */
		C6E7ECFE2D083C3900E9786A /* Build configuration list for PBXProject "SoundBound" */ = {
			isa = XCConfigurationList;
			buildConfigurations = (
				C6E7ED252D083C3A00E9786A /* Debug */,
				C6E7ED262D083C3A00E9786A /* Release */,
			);
			defaultConfigurationIsVisible = 0;
			defaultConfigurationName = Release;
		};
		C6E7ED272D083C3A00E9786A /* Build configuration list for PBXNativeTarget "SoundBound" */ = {
			isa = XCConfigurationList;
			buildConfigurations = (
				C6E7ED282D083C3A00E9786A /* Debug */,
				C6E7ED292D083C3A00E9786A /* Release */,
			);
			defaultConfigurationIsVisible = 0;
			defaultConfigurationName = Release;
		};
		C6E7ED2A2D083C3A00E9786A /* Build configuration list for PBXNativeTarget "SoundBoundTests" */ = {
			isa = XCConfigurationList;
			buildConfigurations = (
				C6E7ED2B2D083C3A00E9786A /* Debug */,
				C6E7ED2C2D083C3A00E9786A /* Release */,
			);
			defaultConfigurationIsVisible = 0;
			defaultConfigurationName = Release;
		};
		C6E7ED2D2D083C3A00E9786A /* Build configuration list for PBXNativeTarget "SoundBoundUITests" */ = {
			isa = XCConfigurationList;
			buildConfigurations = (
				C6E7ED2E2D083C3A00E9786A /* Debug */,
				C6E7ED2F2D083C3A00E9786A /* Release */,
			);
			defaultConfigurationIsVisible = 0;
			defaultConfigurationName = Release;
		};
/* End XCConfigurationList section */
	};
	rootObject = C6E7ECFB2D083C3900E9786A /* Project object */;
}
